{
  "version": "5",
  "specifiers": {
    "npm:@anthropic-ai/sdk@0.65": "0.65.0"
  },
  "npm": {
    "@anthropic-ai/sdk@0.65.0": {
      "integrity": "sha512-zIdPOcrCVEI8t3Di40nH4z9EoeyGZfXbYSvWdDLsB/KkaSYMnEgC7gmcgWu83g2NTn1ZTpbMvpdttWDGGIk6zw==",
      "dependencies": [
        "json-schema-to-ts"
      ],
      "bin": true
    },
    "@babel/runtime@7.28.4": {
      "integrity": "sha512-Q/N6JNWvIvPnLDvjlE1OUBLPQHH6l3CltCEsHIujp45zQUSSh8K+gHnaEX45yAT1nyngnINhvWtzN+Nb9D8RAQ=="
    },
    "json-schema-to-ts@3.1.1": {
      "integrity": "sha512-+DWg8jCJG2TEnpy7kOm/7/AxaYoaRbjVB4LFZLySZlWn8exGs3A4OLJR966cVvU26N7X9TWxl+Jsw7dzAqKT6g==",
      "dependencies": [
        "@babel/runtime",
        "ts-algebra"
      ]
    },
    "ts-algebra@2.0.0": {
      "integrity": "sha512-FPAhNPFMrkwz76P7cdjdmiShwMynZYN6SgOujD1urY4oNm80Ou9oMdmbR45LotcKOXoy7wSmHkRFE6Mxbrhefw=="
    }
  },
  "workspace": {
    "dependencies": [
      "npm:@anthropic-ai/sdk@0.65"
    ]
  }
}
